{
    "php": {
        "version": "7.2"
    },
    "symfony/form": {
        "version": "v4.4.13"
    },
    "symfony/inflector": {
        "version": "v4.4.13"
    },
    "symfony/intl": {
        "version": "v4.4.13"
    },
    "symfony/options-resolver": {
        "version": "v4.4.13"
    },
    "symfony/polyfill-intl-icu": {
        "version": "v1.18.1"
    },
    "symfony/property-access": {
        "version": "v4.4.13"
    },
    "symfony/twig-pack": {
        "version": "v1.0.0"
    },
    "twig/extra-bundle": {
        "version": "v3.0.5"
    }
}
